# This file is automatically @generated by Cargo.
# It is not intended for manual editing.
version = 4

[[package]]
name = "wsm-my-lisp-harness"
version = "0.1.0"
dependencies = [
 "wsm-os-target",
]

[[package]]
name = "wsm-os-target"
version = "0.1.0"
source = "git+https://github.com/juv4uk/wsm-target-contract.git?rev=a03301315b6b590c0d0b997497cd2a43d1e4ea1f#a03301315b6b590c0d0b997497cd2a43d1e4ea1f"
