# This file is automatically @generated by Cargo.
# It is not intended for manual editing.
version = 4

[[package]]
name = "wsm-my-lisp-harness"
version = "0.1.0"
dependencies = [
 "wsm-os-target",
]

[[package]]
name = "wsm-os-target"
version = "0.1.0"
source = "git+https://github.com/juv4uk/wsm-target-contract.git?rev=fbafef50e408c0cdf6ed1f21a8743b80341b919a#fbafef50e408c0cdf6ed1f21a8743b80341b919a"
